
Microsoft Visual Studio Solution File, Format Version 12.00
# Visual Studio Version 17
VisualStudioVersion = 17.0.31903.59
MinimumVisualStudioVersion = 10.0.40219.1
Project("{FAE04EC0-301F-11D3-BF4B-00C04F79EFBC}") = "MyApp.WebApp", "MyApp.WebApp\MyApp.WebApp.csproj", "{E4F41B72-BFAE-F214-269D-999941405F4A}"
EndProject
Project("{FAE04EC0-301F-11D3-BF4B-00C04F79EFBC}") = "MyApp.Middleware", "MyApp.Middleware\MyApp.Middleware.csproj", "{1F593646-3DCC-4E36-90CA-F88FEC8890D9}"
EndProject
Project("{FAE04EC0-301F-11D3-BF4B-00C04F79EFBC}") = "CRUDwRouting", "CRUDwRouting\CRUDwRouting.csproj", "{EBEE8468-F662-4C8A-978D-BB2784827476}"
EndProject
Global
	GlobalSection(SolutionConfigurationPlatforms) = preSolution
		Debug|Any CPU = Debug|Any CPU
		Debug|x64 = Debug|x64
		Debug|x86 = Debug|x86
		Release|Any CPU = Release|Any CPU
		Release|x64 = Release|x64
		Release|x86 = Release|x86
	EndGlobalSection
	GlobalSection(ProjectConfigurationPlatforms) = postSolution
		{E4F41B72-BFAE-F214-269D-999941405F4A}.Debug|Any CPU.ActiveCfg = Debug|Any CPU
		{E4F41B72-BFAE-F214-269D-999941405F4A}.Debug|Any CPU.Build.0 = Debug|Any CPU
		{E4F41B72-BFAE-F214-269D-999941405F4A}.Debug|x64.ActiveCfg = Debug|Any CPU
		{E4F41B72-BFAE-F214-269D-999941405F4A}.Debug|x64.Build.0 = Debug|Any CPU
		{E4F41B72-BFAE-F214-269D-999941405F4A}.Debug|x86.ActiveCfg = Debug|Any CPU
		{E4F41B72-BFAE-F214-269D-999941405F4A}.Debug|x86.Build.0 = Debug|Any CPU
		{E4F41B72-BFAE-F214-269D-999941405F4A}.Release|Any CPU.ActiveCfg = Release|Any CPU
		{E4F41B72-BFAE-F214-269D-999941405F4A}.Release|Any CPU.Build.0 = Release|Any CPU
		{E4F41B72-BFAE-F214-269D-999941405F4A}.Release|x64.ActiveCfg = Release|Any CPU
		{E4F41B72-BFAE-F214-269D-999941405F4A}.Release|x64.Build.0 = Release|Any CPU
		{E4F41B72-BFAE-F214-269D-999941405F4A}.Release|x86.ActiveCfg = Release|Any CPU
		{E4F41B72-BFAE-F214-269D-999941405F4A}.Release|x86.Build.0 = Release|Any CPU
		{1F593646-3DCC-4E36-90CA-F88FEC8890D9}.Debug|Any CPU.ActiveCfg = Debug|Any CPU
		{1F593646-3DCC-4E36-90CA-F88FEC8890D9}.Debug|Any CPU.Build.0 = Debug|Any CPU
		{1F593646-3DCC-4E36-90CA-F88FEC8890D9}.Debug|x64.ActiveCfg = Debug|Any CPU
		{1F593646-3DCC-4E36-90CA-F88FEC8890D9}.Debug|x64.Build.0 = Debug|Any CPU
		{1F593646-3DCC-4E36-90CA-F88FEC8890D9}.Debug|x86.ActiveCfg = Debug|Any CPU
		{1F593646-3DCC-4E36-90CA-F88FEC8890D9}.Debug|x86.Build.0 = Debug|Any CPU
		{1F593646-3DCC-4E36-90CA-F88FEC8890D9}.Release|Any CPU.ActiveCfg = Release|Any CPU
		{1F593646-3DCC-4E36-90CA-F88FEC8890D9}.Release|Any CPU.Build.0 = Release|Any CPU
		{1F593646-3DCC-4E36-90CA-F88FEC8890D9}.Release|x64.ActiveCfg = Release|Any CPU
		{1F593646-3DCC-4E36-90CA-F88FEC8890D9}.Release|x64.Build.0 = Release|Any CPU
		{1F593646-3DCC-4E36-90CA-F88FEC8890D9}.Release|x86.ActiveCfg = Release|Any CPU
		{1F593646-3DCC-4E36-90CA-F88FEC8890D9}.Release|x86.Build.0 = Release|Any CPU
		{EBEE8468-F662-4C8A-978D-BB2784827476}.Debug|Any CPU.ActiveCfg = Debug|Any CPU
		{EBEE8468-F662-4C8A-978D-BB2784827476}.Debug|Any CPU.Build.0 = Debug|Any CPU
		{EBEE8468-F662-4C8A-978D-BB2784827476}.Debug|x64.ActiveCfg = Debug|Any CPU
		{EBEE8468-F662-4C8A-978D-BB2784827476}.Debug|x64.Build.0 = Debug|Any CPU
		{EBEE8468-F662-4C8A-978D-BB2784827476}.Debug|x86.ActiveCfg = Debug|Any CPU
		{EBEE8468-F662-4C8A-978D-BB2784827476}.Debug|x86.Build.0 = Debug|Any CPU
		{EBEE8468-F662-4C8A-978D-BB2784827476}.Release|Any CPU.ActiveCfg = Release|Any CPU
		{EBEE8468-F662-4C8A-978D-BB2784827476}.Release|Any CPU.Build.0 = Release|Any CPU
		{EBEE8468-F662-4C8A-978D-BB2784827476}.Release|x64.ActiveCfg = Release|Any CPU
		{EBEE8468-F662-4C8A-978D-BB2784827476}.Release|x64.Build.0 = Release|Any CPU
		{EBEE8468-F662-4C8A-978D-BB2784827476}.Release|x86.ActiveCfg = Release|Any CPU
		{EBEE8468-F662-4C8A-978D-BB2784827476}.Release|x86.Build.0 = Release|Any CPU
	EndGlobalSection
	GlobalSection(SolutionProperties) = preSolution
		HideSolutionNode = FALSE
	EndGlobalSection
EndGlobal
